
Microsoft Visual Studio Solution File, Format Version 12.00
# Visual Studio Version 17
VisualStudioVersion = 17.14.37614.0 d17.14
MinimumVisualStudioVersion = 10.0.40219.1
Project("{FAE04EC0-301F-11D3-BF4B-00C04F79EFBC}") = "DSHW.Desktop", "DSHW.Desktop\DSHW.Desktop.csproj", "{9E19AAD5-1149-488C-8A55-461AE50D9EB7}"
EndProject
Global
	GlobalSection(SolutionConfigurationPlatforms) = preSolution
		Debug|x64 = Debug|x64
		Release|x64 = Release|x64
	EndGlobalSection
	GlobalSection(ProjectConfigurationPlatforms) = postSolution
		{9E19AAD5-1149-488C-8A55-461AE50D9EB7}.Debug|x64.ActiveCfg = Debug|x64
		{9E19AAD5-1149-488C-8A55-461AE50D9EB7}.Debug|x64.Build.0 = Debug|x64
		{9E19AAD5-1149-488C-8A55-461AE50D9EB7}.Debug|x64.Deploy.0 = Debug|x64
		{9E19AAD5-1149-488C-8A55-461AE50D9EB7}.Release|x64.ActiveCfg = Release|x64
		{9E19AAD5-1149-488C-8A55-461AE50D9EB7}.Release|x64.Build.0 = Release|x64
		{9E19AAD5-1149-488C-8A55-461AE50D9EB7}.Release|x64.Deploy.0 = Release|x64
	EndGlobalSection
	GlobalSection(SolutionProperties) = preSolution
		HideSolutionNode = FALSE
	EndGlobalSection
	GlobalSection(ExtensibilityGlobals) = postSolution
		SolutionGuid = {79A953C9-C05F-4772-8F48-644C5ED0D914}
	EndGlobalSection
EndGlobal
